// !$*UTF8*$!
{
	archiveVersion = 1;
	classes = {
	};
	objectVersion = 48;
	objects = {

/* Begin PBXBuildFile section */
		BF9B20CA1FD8BEE200776A67 /* AppDelegate.swift in Sources */ = {isa = PBXBuildFile; fileRef = BF9B20C91FD8BEE200776A67 /* AppDelegate.swift */; };
		BF9B20CF1FD8BEE200776A67 /* Login.storyboard in Resources */ = {isa = PBXBuildFile; fileRef = BF9B20CD1FD8BEE200776A67 /* Login.storyboard */; };
		BF9B20D11FD8BEE200776A67 /* Assets.xcassets in Resources */ = {isa = PBXBuildFile; fileRef = BF9B20D01FD8BEE200776A67 /* Assets.xcassets */; };
		BF9B20D41FD8BEE200776A67 /* LaunchScreen.storyboard in Resources */ = {isa = PBXBuildFile; fileRef = BF9B20D21FD8BEE200776A67 /* LaunchScreen.storyboard */; };
		BF9B20DC1FD8D37800776A67 /* Main.storyboard in Resources */ = {isa = PBXBuildFile; fileRef = BF9B20DB1FD8D37800776A67 /* Main.storyboard */; };
		BF9B20DE1FD8D52300776A67 /* Mytrip.storyboard in Resources */ = {isa = PBXBuildFile; fileRef = BF9B20DD1FD8D52300776A67 /* Mytrip.storyboard */; };
		BF9B20E01FD8D53800776A67 /* Friends.storyboard in Resources */ = {isa = PBXBuildFile; fileRef = BF9B20DF1FD8D53800776A67 /* Friends.storyboard */; };
		BF9B20E21FD8D65500776A67 /* LoginViewController.swift in Sources */ = {isa = PBXBuildFile; fileRef = BF9B20E11FD8D65500776A67 /* LoginViewController.swift */; };
		BF9B20E41FD8D6C100776A67 /* SignUpViewController.swift in Sources */ = {isa = PBXBuildFile; fileRef = BF9B20E31FD8D6C100776A67 /* SignUpViewController.swift */; };
		BF9B20E91FD8D90500776A67 /* Enums.swift in Sources */ = {isa = PBXBuildFile; fileRef = BF9B20E51FD8D90500776A67 /* Enums.swift */; };
		BF9B20EA1FD8D90500776A67 /* Post.swift in Sources */ = {isa = PBXBuildFile; fileRef = BF9B20E61FD8D90500776A67 /* Post.swift */; };
		BF9B20EB1FD8D90500776A67 /* Networking.swift in Sources */ = {isa = PBXBuildFile; fileRef = BF9B20E71FD8D90500776A67 /* Networking.swift */; };
		BF9B20EC1FD8D90500776A67 /* Comment.swift in Sources */ = {isa = PBXBuildFile; fileRef = BF9B20E81FD8D90500776A67 /* Comment.swift */; };
		BF9B20EE1FD8FFD600776A67 /* BasicAuth.swift in Sources */ = {isa = PBXBuildFile; fileRef = BF9B20ED1FD8FFD600776A67 /* BasicAuth.swift */; };
/* End PBXBuildFile section */

/* Begin PBXFileReference section */
		BF9B20C61FD8BEE200776A67 /* Trip-Planner.app */ = {isa = PBXFileReference; explicitFileType = wrapper.application; includeInIndex = 0; path = "Trip-Planner.app"; sourceTree = BUILT_PRODUCTS_DIR; };
		BF9B20C91FD8BEE200776A67 /* AppDelegate.swift */ = {isa = PBXFileReference; lastKnownFileType = sourcecode.swift; path = AppDelegate.swift; sourceTree = "<group>"; };
		BF9B20CE1FD8BEE200776A67 /* Base */ = {isa = PBXFileReference; lastKnownFileType = file.storyboard; name = Base; path = Base.lproj/Login.storyboard; sourceTree = "<group>"; };
		BF9B20D01FD8BEE200776A67 /* Assets.xcassets */ = {isa = PBXFileReference; lastKnownFileType = folder.assetcatalog; path = Assets.xcassets; sourceTree = "<group>"; };
		BF9B20D31FD8BEE200776A67 /* Base */ = {isa = PBXFileReference; lastKnownFileType = file.storyboard; name = Base; path = Base.lproj/LaunchScreen.storyboard; sourceTree = "<group>"; };
		BF9B20D51FD8BEE200776A67 /* Info.plist */ = {isa = PBXFileReference; lastKnownFileType = text.plist.xml; path = Info.plist; sourceTree = "<group>"; };
		BF9B20DB1FD8D37800776A67 /* Main.storyboard */ = {isa = PBXFileReference; lastKnownFileType = file.storyboard; path = Main.storyboard; sourceTree = "<group>"; };
		BF9B20DD1FD8D52300776A67 /* Mytrip.storyboard */ = {isa = PBXFileReference; fileEncoding = 4; lastKnownFileType = file.storyboard; path = Mytrip.storyboard; sourceTree = "<group>"; };
		BF9B20DF1FD8D53800776A67 /* Friends.storyboard */ = {isa = PBXFileReference; fileEncoding = 4; lastKnownFileType = file.storyboard; path = Friends.storyboard; sourceTree = "<group>"; };
		BF9B20E11FD8D65500776A67 /* LoginViewController.swift */ = {isa = PBXFileReference; lastKnownFileType = sourcecode.swift; path = LoginViewController.swift; sourceTree = "<group>"; };
		BF9B20E31FD8D6C100776A67 /* SignUpViewController.swift */ = {isa = PBXFileReference; lastKnownFileType = sourcecode.swift; path = SignUpViewController.swift; sourceTree = "<group>"; };
		BF9B20E51FD8D90500776A67 /* Enums.swift */ = {isa = PBXFileReference; fileEncoding = 4; lastKnownFileType = sourcecode.swift; path = Enums.swift; sourceTree = "<group>"; };
		BF9B20E61FD8D90500776A67 /* Post.swift */ = {isa = PBXFileReference; fileEncoding = 4; lastKnownFileType = sourcecode.swift; path = Post.swift; sourceTree = "<group>"; };
		BF9B20E71FD8D90500776A67 /* Networking.swift */ = {isa = PBXFileReference; fileEncoding = 4; lastKnownFileType = sourcecode.swift; path = Networking.swift; sourceTree = "<group>"; };
		BF9B20E81FD8D90500776A67 /* Comment.swift */ = {isa = PBXFileReference; fileEncoding = 4; lastKnownFileType = sourcecode.swift; path = Comment.swift; sourceTree = "<group>"; };
		BF9B20ED1FD8FFD600776A67 /* BasicAuth.swift */ = {isa = PBXFileReference; lastKnownFileType = sourcecode.swift; path = BasicAuth.swift; sourceTree = "<group>"; };
/* End PBXFileReference section */

/* Begin PBXFrameworksBuildPhase section */
		BF9B20C31FD8BEE200776A67 /* Frameworks */ = {
			isa = PBXFrameworksBuildPhase;
			buildActionMask = 2147483647;
			files = (
			);
			runOnlyForDeploymentPostprocessing = 0;
		};
/* End PBXFrameworksBuildPhase section */

/* Begin PBXGroup section */
		BF9B20BD1FD8BEE200776A67 = {
			isa = PBXGroup;
			children = (
				BF9B20C81FD8BEE200776A67 /* Trip-Planner */,
				BF9B20C71FD8BEE200776A67 /* Products */,
			);
			sourceTree = "<group>";
		};
		BF9B20C71FD8BEE200776A67 /* Products */ = {
			isa = PBXGroup;
			children = (
				BF9B20C61FD8BEE200776A67 /* Trip-Planner.app */,
			);
			name = Products;
			sourceTree = "<group>";
		};
		BF9B20C81FD8BEE200776A67 /* Trip-Planner */ = {
			isa = PBXGroup;
			children = (
				BF9B20E81FD8D90500776A67 /* Comment.swift */,
				BF9B20ED1FD8FFD600776A67 /* BasicAuth.swift */,
				BF9B20E51FD8D90500776A67 /* Enums.swift */,
				BF9B20E71FD8D90500776A67 /* Networking.swift */,
				BF9B20E61FD8D90500776A67 /* Post.swift */,
				BF9B20C91FD8BEE200776A67 /* AppDelegate.swift */,
				BF9B20E11FD8D65500776A67 /* LoginViewController.swift */,
				BF9B20E31FD8D6C100776A67 /* SignUpViewController.swift */,
				BF9B20CD1FD8BEE200776A67 /* Login.storyboard */,
				BF9B20DB1FD8D37800776A67 /* Main.storyboard */,
				BF9B20DF1FD8D53800776A67 /* Friends.storyboard */,
				BF9B20DD1FD8D52300776A67 /* Mytrip.storyboard */,
				BF9B20D01FD8BEE200776A67 /* Assets.xcassets */,
				BF9B20D21FD8BEE200776A67 /* LaunchScreen.storyboard */,
				BF9B20D51FD8BEE200776A67 /* Info.plist */,
			);
			path = "Trip-Planner";
			sourceTree = "<group>";
		};
/* End PBXGroup section */

/* Begin PBXNativeTarget section */
		BF9B20C51FD8BEE200776A67 /* Trip-Planner */ = {
			isa = PBXNativeTarget;
			buildConfigurationList = BF9B20D81FD8BEE200776A67 /* Build configuration list for PBXNativeTarget "Trip-Planner" */;
			buildPhases = (
				BF9B20C21FD8BEE200776A67 /* Sources */,
				BF9B20C31FD8BEE200776A67 /* Frameworks */,
				BF9B20C41FD8BEE200776A67 /* Resources */,
			);
			buildRules = (
			);
			dependencies = (
			);
			name = "Trip-Planner";
			productName = "Trip-Planner";
			productReference = BF9B20C61FD8BEE200776A67 /* Trip-Planner.app */;
			productType = "com.apple.product-type.application";
		};
/* End PBXNativeTarget section */

/* Begin PBXProject section */
		BF9B20BE1FD8BEE200776A67 /* Project object */ = {
			isa = PBXProject;
			attributes = {
				LastSwiftUpdateCheck = 0900;
				LastUpgradeCheck = 0900;
				ORGANIZATIONNAME = "Kaichi Momose";
				TargetAttributes = {
					BF9B20C51FD8BEE200776A67 = {
						CreatedOnToolsVersion = 9.0;
						ProvisioningStyle = Automatic;
					};
				};
			};
			buildConfigurationList = BF9B20C11FD8BEE200776A67 /* Build configuration list for PBXProject "Trip-Planner" */;
			compatibilityVersion = "Xcode 8.0";
			developmentRegion = en;
			hasScannedForEncodings = 0;
			knownRegions = (
				en,
				Base,
			);
			mainGroup = BF9B20BD1FD8BEE200776A67;
			productRefGroup = BF9B20C71FD8BEE200776A67 /* Products */;
			projectDirPath = "";
			projectRoot = "";
			targets = (
				BF9B20C51FD8BEE200776A67 /* Trip-Planner */,
			);
		};
/* End PBXProject section */

/* Begin PBXResourcesBuildPhase section */
		BF9B20C41FD8BEE200776A67 /* Resources */ = {
			isa = PBXResourcesBuildPhase;
			buildActionMask = 2147483647;
			files = (
				BF9B20E01FD8D53800776A67 /* Friends.storyboard in Resources */,
				BF9B20D41FD8BEE200776A67 /* LaunchScreen.storyboard in Resources */,
				BF9B20DE1FD8D52300776A67 /* Mytrip.storyboard in Resources */,
				BF9B20D11FD8BEE200776A67 /* Assets.xcassets in Resources */,
				BF9B20CF1FD8BEE200776A67 /* Login.storyboard in Resources */,
				BF9B20DC1FD8D37800776A67 /* Main.storyboard in Resources */,
			);
			runOnlyForDeploymentPostprocessing = 0;
		};
/* End PBXResourcesBuildPhase section */

/* Begin PBXSourcesBuildPhase section */
		BF9B20C21FD8BEE200776A67 /* Sources */ = {
			isa = PBXSourcesBuildPhase;
			buildActionMask = 2147483647;
			files = (
				BF9B20E41FD8D6C100776A67 /* SignUpViewController.swift in Sources */,
				BF9B20E21FD8D65500776A67 /* LoginViewController.swift in Sources */,
				BF9B20E91FD8D90500776A67 /* Enums.swift in Sources */,
				BF9B20EC1FD8D90500776A67 /* Comment.swift in Sources */,
				BF9B20EB1FD8D90500776A67 /* Networking.swift in Sources */,
				BF9B20CA1FD8BEE200776A67 /* AppDelegate.swift in Sources */,
				BF9B20EE1FD8FFD600776A67 /* BasicAuth.swift in Sources */,
				BF9B20EA1FD8D90500776A67 /* Post.swift in Sources */,
			);
			runOnlyForDeploymentPostprocessing = 0;
		};
/* End PBXSourcesBuildPhase section */

/* Begin PBXVariantGroup section */
		BF9B20CD1FD8BEE200776A67 /* Login.storyboard */ = {
			isa = PBXVariantGroup;
			children = (
				BF9B20CE1FD8BEE200776A67 /* Base */,
			);
			name = Login.storyboard;
			sourceTree = "<group>";
		};
		BF9B20D21FD8BEE200776A67 /* LaunchScreen.storyboard */ = {
			isa = PBXVariantGroup;
			children = (
				BF9B20D31FD8BEE200776A67 /* Base */,
			);
			name = LaunchScreen.storyboard;
			sourceTree = "<group>";
		};
/* End PBXVariantGroup section */

/* Begin XCBuildConfiguration section */
		BF9B20D61FD8BEE200776A67 /* Debug */ = {
			isa = XCBuildConfiguration;
			buildSettings = {
				ALWAYS_SEARCH_USER_PATHS = NO;
				CLANG_ANALYZER_NONNULL = YES;
				CLANG_ANALYZER_NUMBER_OBJECT_CONVERSION = YES_AGGRESSIVE;
				CLANG_CXX_LANGUAGE_STANDARD = "gnu++14";
				CLANG_CXX_LIBRARY = "libc++";
				CLANG_ENABLE_MODULES = YES;
				CLANG_ENABLE_OBJC_ARC = YES;
				CLANG_WARN_BLOCK_CAPTURE_AUTORELEASING = YES;
				CLANG_WARN_BOOL_CONVERSION = YES;
				CLANG_WARN_COMMA = YES;
				CLANG_WARN_CONSTANT_CONVERSION = YES;
				CLANG_WARN_DIRECT_OBJC_ISA_USAGE = YES_ERROR;
				CLANG_WARN_DOCUMENTATION_COMMENTS = YES;
				CLANG_WARN_EMPTY_BODY = YES;
				CLANG_WARN_ENUM_CONVERSION = YES;
				CLANG_WARN_INFINITE_RECURSION = YES;
				CLANG_WARN_INT_CONVERSION = YES;
				CLANG_WARN_NON_LITERAL_NULL_CONVERSION = YES;
				CLANG_WARN_OBJC_LITERAL_CONVERSION = YES;
				CLANG_WARN_OBJC_ROOT_CLASS = YES_ERROR;
				CLANG_WARN_RANGE_LOOP_ANALYSIS = YES;
				CLANG_WARN_STRICT_PROTOTYPES = YES;
				CLANG_WARN_SUSPICIOUS_MOVE = YES;
				CLANG_WARN_UNGUARDED_AVAILABILITY = YES_AGGRESSIVE;
				CLANG_WARN_UNREACHABLE_CODE = YES;
				CLANG_WARN__DUPLICATE_METHOD_MATCH = YES;
				CODE_SIGN_IDENTITY = "iPhone Developer";
				COPY_PHASE_STRIP = NO;
				DEBUG_INFORMATION_FORMAT = dwarf;
				ENABLE_STRICT_OBJC_MSGSEND = YES;
				ENABLE_TESTABILITY = YES;
				GCC_C_LANGUAGE_STANDARD = gnu11;
				GCC_DYNAMIC_NO_PIC = NO;
				GCC_NO_COMMON_BLOCKS = YES;
				GCC_OPTIMIZATION_LEVEL = 0;
				GCC_PREPROCESSOR_DEFINITIONS = (
					"DEBUG=1",
					"$(inherited)",
				);
				GCC_WARN_64_TO_32_BIT_CONVERSION = YES;
				GCC_WARN_ABOUT_RETURN_TYPE = YES_ERROR;
				GCC_WARN_UNDECLARED_SELECTOR = YES;
				GCC_WARN_UNINITIALIZED_AUTOS = YES_AGGRESSIVE;
				GCC_WARN_UNUSED_FUNCTION = YES;
				GCC_WARN_UNUSED_VARIABLE = YES;
				IPHONEOS_DEPLOYMENT_TARGET = 11.0;
				MTL_ENABLE_DEBUG_INFO = YES;
				ONLY_ACTIVE_ARCH = YES;
				SDKROOT = iphoneos;
				SWIFT_ACTIVE_COMPILATION_CONDITIONS = DEBUG;
				SWIFT_OPTIMIZATION_LEVEL = "-Onone";
			};
			name = Debug;
		};
		BF9B20D71FD8BEE200776A67 /* Release */ = {
			isa = XCBuildConfiguration;
			buildSettings = {
				ALWAYS_SEARCH_USER_PATHS = NO;
				CLANG_ANALYZER_NONNULL = YES;
				CLANG_ANALYZER_NUMBER_OBJECT_CONVERSION = YES_AGGRESSIVE;
				CLANG_CXX_LANGUAGE_STANDARD = "gnu++14";
				CLANG_CXX_LIBRARY = "libc++";
				CLANG_ENABLE_MODULES = YES;
				CLANG_ENABLE_OBJC_ARC = YES;
				CLANG_WARN_BLOCK_CAPTURE_AUTORELEASING = YES;
				CLANG_WARN_BOOL_CONVERSION = YES;
				CLANG_WARN_COMMA = YES;
				CLANG_WARN_CONSTANT_CONVERSION = YES;
				CLANG_WARN_DIRECT_OBJC_ISA_USAGE = YES_ERROR;
				CLANG_WARN_DOCUMENTATION_COMMENTS = YES;
				CLANG_WARN_EMPTY_BODY = YES;
				CLANG_WARN_ENUM_CONVERSION = YES;
				CLANG_WARN_INFINITE_RECURSION = YES;
				CLANG_WARN_INT_CONVERSION = YES;
				CLANG_WARN_NON_LITERAL_NULL_CONVERSION = YES;
				CLANG_WARN_OBJC_LITERAL_CONVERSION = YES;
				CLANG_WARN_OBJC_ROOT_CLASS = YES_ERROR;
				CLANG_WARN_RANGE_LOOP_ANALYSIS = YES;
				CLANG_WARN_STRICT_PROTOTYPES = YES;
				CLANG_WARN_SUSPICIOUS_MOVE = YES;
				CLANG_WARN_UNGUARDED_AVAILABILITY = YES_AGGRESSIVE;
				CLANG_WARN_UNREACHABLE_CODE = YES;
				CLANG_WARN__DUPLICATE_METHOD_MATCH = YES;
				CODE_SIGN_IDENTITY = "iPhone Developer";
				COPY_PHASE_STRIP = NO;
				DEBUG_INFORMATION_FORMAT = "dwarf-with-dsym";
				ENABLE_NS_ASSERTIONS = NO;
				ENABLE_STRICT_OBJC_MSGSEND = YES;
				GCC_C_LANGUAGE_STANDARD = gnu11;
				GCC_NO_COMMON_BLOCKS = YES;
				GCC_WARN_64_TO_32_BIT_CONVERSION = YES;
				GCC_WARN_ABOUT_RETURN_TYPE = YES_ERROR;
				GCC_WARN_UNDECLARED_SELECTOR = YES;
				GCC_WARN_UNINITIALIZED_AUTOS = YES_AGGRESSIVE;
				GCC_WARN_UNUSED_FUNCTION = YES;
				GCC_WARN_UNUSED_VARIABLE = YES;
				IPHONEOS_DEPLOYMENT_TARGET = 11.0;
				MTL_ENABLE_DEBUG_INFO = NO;
				SDKROOT = iphoneos;
				SWIFT_OPTIMIZATION_LEVEL = "-Owholemodule";
				VALIDATE_PRODUCT = YES;
			};
			name = Release;
		};
		BF9B20D91FD8BEE200776A67 /* Debug */ = {
			isa = XCBuildConfiguration;
			buildSettings = {
				ASSETCATALOG_COMPILER_APPICON_NAME = AppIcon;
				CODE_SIGN_STYLE = Automatic;
				DEVELOPMENT_TEAM = CGUE68EN3T;
				INFOPLIST_FILE = "Trip-Planner/Info.plist";
				LD_RUNPATH_SEARCH_PATHS = "$(inherited) @executable_path/Frameworks";
				PRODUCT_BUNDLE_IDENTIFIER = "com.momose-kaichi.Trip-Planner";
				PRODUCT_NAME = "$(TARGET_NAME)";
				SWIFT_VERSION = 4.0;
				TARGETED_DEVICE_FAMILY = "1,2";
			};
			name = Debug;
		};
		BF9B20DA1FD8BEE200776A67 /* Release */ = {
			isa = XCBuildConfiguration;
			buildSettings = {
				ASSETCATALOG_COMPILER_APPICON_NAME = AppIcon;
				CODE_SIGN_STYLE = Automatic;
				DEVELOPMENT_TEAM = CGUE68EN3T;
				INFOPLIST_FILE = "Trip-Planner/Info.plist";
				LD_RUNPATH_SEARCH_PATHS = "$(inherited) @executable_path/Frameworks";
				PRODUCT_BUNDLE_IDENTIFIER = "com.momose-kaichi.Trip-Planner";
				PRODUCT_NAME = "$(TARGET_NAME)";
				SWIFT_VERSION = 4.0;
				TARGETED_DEVICE_FAMILY = "1,2";
			};
			name = Release;
		};
/* End XCBuildConfiguration section */

/* Begin XCConfigurationList section */
		BF9B20C11FD8BEE200776A67 /* Build configuration list for PBXProject "Trip-Planner" */ = {
			isa = XCConfigurationList;
			buildConfigurations = (
				BF9B20D61FD8BEE200776A67 /* Debug */,
				BF9B20D71FD8BEE200776A67 /* Release */,
			);
			defaultConfigurationIsVisible = 0;
			defaultConfigurationName = Release;
		};
		BF9B20D81FD8BEE200776A67 /* Build configuration list for PBXNativeTarget "Trip-Planner" */ = {
			isa = XCConfigurationList;
			buildConfigurations = (
				BF9B20D91FD8BEE200776A67 /* Debug */,
				BF9B20DA1FD8BEE200776A67 /* Release */,
			);
			defaultConfigurationIsVisible = 0;
			defaultConfigurationName = Release;
		};
/* End XCConfigurationList section */
	};
	rootObject = BF9B20BE1FD8BEE200776A67 /* Project object */;
}
